
Microsoft Visual Studio Solution File, Format Version 12.00
# Visual Studio Version 17
VisualStudioVersion = 17.7.34202.233
MinimumVisualStudioVersion = 10.0.40219.1
Project("{9A19103F-16F7-4668-BE54-9A1E7A4F7556}") = "BookHubWebAPI", "BookHubWebAPI\BookHubWebAPI.csproj", "{8E8946C0-EC5F-4DD6-9486-A842DBB0615C}"
EndProject
Project("{9A19103F-16F7-4668-BE54-9A1E7A4F7556}") = "DataAccessLayer", "DataAccessLayer\DataAccessLayer.csproj", "{C4E4B99A-4DED-41DC-86AF-97FB433206BA}"
EndProject
Project("{9A19103F-16F7-4668-BE54-9A1E7A4F7556}") = "DAL.SQLite.Migrations", "DAL.SQLite.Migrations\DAL.SQLite.Migrations.csproj", "{C6CA8574-067D-4D1C-9F68-306DCD34DE6F}"
EndProject
Project("{9A19103F-16F7-4668-BE54-9A1E7A4F7556}") = "Infrastructure", "Infrastructure\Infrastructure.csproj", "{CB29D356-C0AF-499E-829C-A5FF49AB1534}"
EndProject
Project("{9A19103F-16F7-4668-BE54-9A1E7A4F7556}") = "BusinessLayer", "BusinessLayer\BusinessLayer.csproj", "{8DE59E34-E629-47B6-ADB8-8D9E77F5D9B8}"
EndProject
Project("{FAE04EC0-301F-11D3-BF4B-00C04F79EFBC}") = "TestUtilities", "TestUtilities\TestUtilities.csproj", "{A6FA5CFD-E71F-40AF-9121-4ECFB6E821D7}"
EndProject
Project("{FAE04EC0-301F-11D3-BF4B-00C04F79EFBC}") = "BusinessLayer.Tests", "BusinessLayer.Tests\BusinessLayer.Tests.csproj", "{C5D80EAF-1A33-4155-AD50-D9C0ADAC11EE}"
Project("{9A19103F-16F7-4668-BE54-9A1E7A4F7556}") = "MVC", "MVC\MVC.csproj", "{82A8605A-A055-4607-BEFE-064963A5043F}"
EndProject
Project("{FAE04EC0-301F-11D3-BF4B-00C04F79EFBC}") = "DAL.MSSql.Migrations", "DALMSSql.Migrations\DAL.MSSql.Migrations.csproj", "{80AA5413-D9B2-4543-A761-E9DB9F94D3D1}"
EndProject
Global
	GlobalSection(SolutionConfigurationPlatforms) = preSolution
		Debug|Any CPU = Debug|Any CPU
		Release|Any CPU = Release|Any CPU
	EndGlobalSection
	GlobalSection(ProjectConfigurationPlatforms) = postSolution
		{8E8946C0-EC5F-4DD6-9486-A842DBB0615C}.Debug|Any CPU.ActiveCfg = Debug|Any CPU
		{8E8946C0-EC5F-4DD6-9486-A842DBB0615C}.Debug|Any CPU.Build.0 = Debug|Any CPU
		{8E8946C0-EC5F-4DD6-9486-A842DBB0615C}.Release|Any CPU.ActiveCfg = Release|Any CPU
		{8E8946C0-EC5F-4DD6-9486-A842DBB0615C}.Release|Any CPU.Build.0 = Release|Any CPU
		{C4E4B99A-4DED-41DC-86AF-97FB433206BA}.Debug|Any CPU.ActiveCfg = Debug|Any CPU
		{C4E4B99A-4DED-41DC-86AF-97FB433206BA}.Debug|Any CPU.Build.0 = Debug|Any CPU
		{C4E4B99A-4DED-41DC-86AF-97FB433206BA}.Release|Any CPU.ActiveCfg = Release|Any CPU
		{C4E4B99A-4DED-41DC-86AF-97FB433206BA}.Release|Any CPU.Build.0 = Release|Any CPU
		{C6CA8574-067D-4D1C-9F68-306DCD34DE6F}.Debug|Any CPU.ActiveCfg = Debug|Any CPU
		{C6CA8574-067D-4D1C-9F68-306DCD34DE6F}.Debug|Any CPU.Build.0 = Debug|Any CPU
		{C6CA8574-067D-4D1C-9F68-306DCD34DE6F}.Release|Any CPU.ActiveCfg = Release|Any CPU
		{C6CA8574-067D-4D1C-9F68-306DCD34DE6F}.Release|Any CPU.Build.0 = Release|Any CPU
		{CB29D356-C0AF-499E-829C-A5FF49AB1534}.Debug|Any CPU.ActiveCfg = Debug|Any CPU
		{CB29D356-C0AF-499E-829C-A5FF49AB1534}.Debug|Any CPU.Build.0 = Debug|Any CPU
		{CB29D356-C0AF-499E-829C-A5FF49AB1534}.Release|Any CPU.ActiveCfg = Release|Any CPU
		{CB29D356-C0AF-499E-829C-A5FF49AB1534}.Release|Any CPU.Build.0 = Release|Any CPU
		{8DE59E34-E629-47B6-ADB8-8D9E77F5D9B8}.Debug|Any CPU.ActiveCfg = Debug|Any CPU
		{8DE59E34-E629-47B6-ADB8-8D9E77F5D9B8}.Debug|Any CPU.Build.0 = Debug|Any CPU
		{8DE59E34-E629-47B6-ADB8-8D9E77F5D9B8}.Release|Any CPU.ActiveCfg = Release|Any CPU
		{8DE59E34-E629-47B6-ADB8-8D9E77F5D9B8}.Release|Any CPU.Build.0 = Release|Any CPU
		{A6FA5CFD-E71F-40AF-9121-4ECFB6E821D7}.Debug|Any CPU.ActiveCfg = Debug|Any CPU
		{A6FA5CFD-E71F-40AF-9121-4ECFB6E821D7}.Debug|Any CPU.Build.0 = Debug|Any CPU
		{A6FA5CFD-E71F-40AF-9121-4ECFB6E821D7}.Release|Any CPU.ActiveCfg = Release|Any CPU
		{A6FA5CFD-E71F-40AF-9121-4ECFB6E821D7}.Release|Any CPU.Build.0 = Release|Any CPU
		{C5D80EAF-1A33-4155-AD50-D9C0ADAC11EE}.Debug|Any CPU.ActiveCfg = Debug|Any CPU
		{C5D80EAF-1A33-4155-AD50-D9C0ADAC11EE}.Debug|Any CPU.Build.0 = Debug|Any CPU
		{C5D80EAF-1A33-4155-AD50-D9C0ADAC11EE}.Release|Any CPU.ActiveCfg = Release|Any CPU
		{C5D80EAF-1A33-4155-AD50-D9C0ADAC11EE}.Release|Any CPU.Build.0 = Release|Any CPU
		{82A8605A-A055-4607-BEFE-064963A5043F}.Debug|Any CPU.ActiveCfg = Debug|Any CPU
		{82A8605A-A055-4607-BEFE-064963A5043F}.Debug|Any CPU.Build.0 = Debug|Any CPU
		{82A8605A-A055-4607-BEFE-064963A5043F}.Release|Any CPU.ActiveCfg = Release|Any CPU
		{82A8605A-A055-4607-BEFE-064963A5043F}.Release|Any CPU.Build.0 = Release|Any CPU
		{80AA5413-D9B2-4543-A761-E9DB9F94D3D1}.Debug|Any CPU.ActiveCfg = Debug|Any CPU
		{80AA5413-D9B2-4543-A761-E9DB9F94D3D1}.Debug|Any CPU.Build.0 = Debug|Any CPU
		{80AA5413-D9B2-4543-A761-E9DB9F94D3D1}.Release|Any CPU.ActiveCfg = Release|Any CPU
		{80AA5413-D9B2-4543-A761-E9DB9F94D3D1}.Release|Any CPU.Build.0 = Release|Any CPU
	EndGlobalSection
	GlobalSection(SolutionProperties) = preSolution
		HideSolutionNode = FALSE
	EndGlobalSection
	GlobalSection(ExtensibilityGlobals) = postSolution
		SolutionGuid = {77D33B17-669A-420A-AD3C-1DF88E7570F3}
	EndGlobalSection
EndGlobal
